
Microsoft Visual Studio Solution File, Format Version 12.00
# Visual Studio 14
VisualStudioVersion = 14.0.24720.0
MinimumVisualStudioVersion = 10.0.40219.1
Project("{FAE04EC0-301F-11D3-BF4B-00C04F79EFBC}") = "WriteStack", "WriteStack\WriteStack.csproj", "{2F9B61CD-34F5-44EB-97EA-AF8B8D3B33B3}"
EndProject
Project("{FAE04EC0-301F-11D3-BF4B-00C04F79EFBC}") = "CommonTests", "CommonTests\CommonTests.csproj", "{6ADC128A-A333-4E9C-B44B-F67B44E5D39F}"
EndProject
Project("{FAE04EC0-301F-11D3-BF4B-00C04F79EFBC}") = "EventStore", "EventStore\EventStore.csproj", "{83985EE8-F7DA-46C2-838E-BE508E3FABA6}"
EndProject
Project("{FAE04EC0-301F-11D3-BF4B-00C04F79EFBC}") = "ReadStack", "ReadStack\ReadStack.csproj", "{75803557-9D1D-4735-85BB-2242DF0C086B}"
EndProject
Global
	GlobalSection(SolutionConfigurationPlatforms) = preSolution
		Debug|Any CPU = Debug|Any CPU
		Release|Any CPU = Release|Any CPU
	EndGlobalSection
	GlobalSection(ProjectConfigurationPlatforms) = postSolution
		{2F9B61CD-34F5-44EB-97EA-AF8B8D3B33B3}.Debug|Any CPU.ActiveCfg = Debug|Any CPU
		{2F9B61CD-34F5-44EB-97EA-AF8B8D3B33B3}.Debug|Any CPU.Build.0 = Debug|Any CPU
		{2F9B61CD-34F5-44EB-97EA-AF8B8D3B33B3}.Release|Any CPU.ActiveCfg = Release|Any CPU
		{2F9B61CD-34F5-44EB-97EA-AF8B8D3B33B3}.Release|Any CPU.Build.0 = Release|Any CPU
		{6ADC128A-A333-4E9C-B44B-F67B44E5D39F}.Debug|Any CPU.ActiveCfg = Debug|Any CPU
		{6ADC128A-A333-4E9C-B44B-F67B44E5D39F}.Debug|Any CPU.Build.0 = Debug|Any CPU
		{6ADC128A-A333-4E9C-B44B-F67B44E5D39F}.Release|Any CPU.ActiveCfg = Release|Any CPU
		{6ADC128A-A333-4E9C-B44B-F67B44E5D39F}.Release|Any CPU.Build.0 = Release|Any CPU
		{83985EE8-F7DA-46C2-838E-BE508E3FABA6}.Debug|Any CPU.ActiveCfg = Debug|Any CPU
		{83985EE8-F7DA-46C2-838E-BE508E3FABA6}.Debug|Any CPU.Build.0 = Debug|Any CPU
		{83985EE8-F7DA-46C2-838E-BE508E3FABA6}.Release|Any CPU.ActiveCfg = Release|Any CPU
		{83985EE8-F7DA-46C2-838E-BE508E3FABA6}.Release|Any CPU.Build.0 = Release|Any CPU
		{75803557-9D1D-4735-85BB-2242DF0C086B}.Debug|Any CPU.ActiveCfg = Debug|Any CPU
		{75803557-9D1D-4735-85BB-2242DF0C086B}.Debug|Any CPU.Build.0 = Debug|Any CPU
		{75803557-9D1D-4735-85BB-2242DF0C086B}.Release|Any CPU.ActiveCfg = Release|Any CPU
		{75803557-9D1D-4735-85BB-2242DF0C086B}.Release|Any CPU.Build.0 = Release|Any CPU
	EndGlobalSection
	GlobalSection(SolutionProperties) = preSolution
		HideSolutionNode = FALSE
	EndGlobalSection
EndGlobal
